
Microsoft Visual Studio Solution File, Format Version 12.00
# Visual Studio Version 17
VisualStudioVersion = 17.3.32901.215
MinimumVisualStudioVersion = 10.0.40219.1
Project("{9A19103F-16F7-4668-BE54-9A1E7A4F7556}") = "BankingSystem[Hexagon]", "BankingSystem[Hexagon]\BankingSystem[Hexagon].csproj", "{65E68A42-2BC5-40C2-B6B0-A46D64B292A7}"
EndProject
Project("{9A19103F-16F7-4668-BE54-9A1E7A4F7556}") = "BankSystemTest", "BankSystemTest\BankSystemTest.csproj", "{B7828DF9-6019-4D2A-A1F0-613A4DC93F0E}"
EndProject
Project("{9A19103F-16F7-4668-BE54-9A1E7A4F7556}") = "FieldValidationLib", "FieldValidationLib\FieldValidationLib.csproj", "{C627DD22-0FA3-4D43-A499-F61157001F85}"
EndProject
Project("{9A19103F-16F7-4668-BE54-9A1E7A4F7556}") = "WinFormsBanking", "WinFormsBanking\WinFormsBanking.csproj", "{6971AC83-E178-4F3F-A171-75C63F209227}"
EndProject
Project("{FAE04EC0-301F-11D3-BF4B-00C04F79EFBC}") = "BankingDatabase", "BankingDatabase\BankingDatabase.csproj", "{3903BD4D-17E3-4899-B873-3342CC427FB2}"
EndProject
Global
	GlobalSection(SolutionConfigurationPlatforms) = preSolution
		Debug|Any CPU = Debug|Any CPU
		Release|Any CPU = Release|Any CPU
	EndGlobalSection
	GlobalSection(ProjectConfigurationPlatforms) = postSolution
		{65E68A42-2BC5-40C2-B6B0-A46D64B292A7}.Debug|Any CPU.ActiveCfg = Debug|Any CPU
		{65E68A42-2BC5-40C2-B6B0-A46D64B292A7}.Debug|Any CPU.Build.0 = Debug|Any CPU
		{65E68A42-2BC5-40C2-B6B0-A46D64B292A7}.Release|Any CPU.ActiveCfg = Release|Any CPU
		{65E68A42-2BC5-40C2-B6B0-A46D64B292A7}.Release|Any CPU.Build.0 = Release|Any CPU
		{B7828DF9-6019-4D2A-A1F0-613A4DC93F0E}.Debug|Any CPU.ActiveCfg = Debug|Any CPU
		{B7828DF9-6019-4D2A-A1F0-613A4DC93F0E}.Debug|Any CPU.Build.0 = Debug|Any CPU
		{B7828DF9-6019-4D2A-A1F0-613A4DC93F0E}.Release|Any CPU.ActiveCfg = Release|Any CPU
		{B7828DF9-6019-4D2A-A1F0-613A4DC93F0E}.Release|Any CPU.Build.0 = Release|Any CPU
		{C627DD22-0FA3-4D43-A499-F61157001F85}.Debug|Any CPU.ActiveCfg = Debug|Any CPU
		{C627DD22-0FA3-4D43-A499-F61157001F85}.Debug|Any CPU.Build.0 = Debug|Any CPU
		{C627DD22-0FA3-4D43-A499-F61157001F85}.Release|Any CPU.ActiveCfg = Release|Any CPU
		{C627DD22-0FA3-4D43-A499-F61157001F85}.Release|Any CPU.Build.0 = Release|Any CPU
		{6971AC83-E178-4F3F-A171-75C63F209227}.Debug|Any CPU.ActiveCfg = Debug|Any CPU
		{6971AC83-E178-4F3F-A171-75C63F209227}.Debug|Any CPU.Build.0 = Debug|Any CPU
		{6971AC83-E178-4F3F-A171-75C63F209227}.Release|Any CPU.ActiveCfg = Release|Any CPU
		{6971AC83-E178-4F3F-A171-75C63F209227}.Release|Any CPU.Build.0 = Release|Any CPU
		{3903BD4D-17E3-4899-B873-3342CC427FB2}.Debug|Any CPU.ActiveCfg = Debug|Any CPU
		{3903BD4D-17E3-4899-B873-3342CC427FB2}.Debug|Any CPU.Build.0 = Debug|Any CPU
		{3903BD4D-17E3-4899-B873-3342CC427FB2}.Release|Any CPU.ActiveCfg = Release|Any CPU
		{3903BD4D-17E3-4899-B873-3342CC427FB2}.Release|Any CPU.Build.0 = Release|Any CPU
	EndGlobalSection
	GlobalSection(SolutionProperties) = preSolution
		HideSolutionNode = FALSE
	EndGlobalSection
	GlobalSection(ExtensibilityGlobals) = postSolution
		SolutionGuid = {32E61305-7F72-4603-8999-4FDD07F42AD3}
	EndGlobalSection
EndGlobal
